// !$*UTF8*$!
{
	archiveVersion = 1;
	classes = {
	};
	objectVersion = 55;
	objects = {

/* Begin PBXBuildFile section */
		012D5C382756D4B6007AA199 /* 42747.swift in Sources */ = {isa = PBXBuildFile; fileRef = 012D5C372756D4B6007AA199 /* 42747.swift */; };
		0170E2712765344B003F8361 /* 72412.swift in Sources */ = {isa = PBXBuildFile; fileRef = 0170E2702765344B003F8361 /* 72412.swift */; };
		0175C73527873B0E0092E95E /* 42883.swift in Sources */ = {isa = PBXBuildFile; fileRef = 0175C73427873B0E0092E95E /* 42883.swift */; };
		0175C737278787FA0092E95E /* 12953.swift in Sources */ = {isa = PBXBuildFile; fileRef = 0175C736278787FA0092E95E /* 12953.swift */; };
		01775732274D8AB70085919D /* 43165.swift in Sources */ = {isa = PBXBuildFile; fileRef = 01775731274D8AB70085919D /* 43165.swift */; };
		01775734274D8B3F0085919D /* 42888.swift in Sources */ = {isa = PBXBuildFile; fileRef = 01775733274D8B3F0085919D /* 42888.swift */; };
		01775736274D8B720085919D /* 87389.swift in Sources */ = {isa = PBXBuildFile; fileRef = 01775735274D8B720085919D /* 87389.swift */; };
		01775738274D8BB50085919D /* 42840.swift in Sources */ = {isa = PBXBuildFile; fileRef = 01775737274D8BB50085919D /* 42840.swift */; };
		0177573A274D8C100085919D /* 42748.swift in Sources */ = {isa = PBXBuildFile; fileRef = 01775739274D8C100085919D /* 42748.swift */; };
		01782D4127AACFA400A90F8A /* 12925.swift in Sources */ = {isa = PBXBuildFile; fileRef = 01782D4027AACFA400A90F8A /* 12925.swift */; };
		01782D4327AAD10A00A90F8A /* 12919.swift in Sources */ = {isa = PBXBuildFile; fileRef = 01782D4227AAD10A00A90F8A /* 12919.swift */; };
		01782D4527AAD1DF00A90F8A /* 12917.swift in Sources */ = {isa = PBXBuildFile; fileRef = 01782D4427AAD1DF00A90F8A /* 12917.swift */; };
		01782D4727AAF48C00A90F8A /* 12915.swift in Sources */ = {isa = PBXBuildFile; fileRef = 01782D4627AAF48C00A90F8A /* 12915.swift */; };
		01782D4927AAF5ED00A90F8A /* 12916.swift in Sources */ = {isa = PBXBuildFile; fileRef = 01782D4827AAF5ED00A90F8A /* 12916.swift */; };
		01782D4B27ABAAF500A90F8A /* 12903.swift in Sources */ = {isa = PBXBuildFile; fileRef = 01782D4A27ABAAF500A90F8A /* 12903.swift */; };
		01782D4D27ABE77C00A90F8A /* 12910.swift in Sources */ = {isa = PBXBuildFile; fileRef = 01782D4C27ABE77C00A90F8A /* 12910.swift */; };
		01782D4F27ABEC6F00A90F8A /* 70128.swift in Sources */ = {isa = PBXBuildFile; fileRef = 01782D4E27ABEC6F00A90F8A /* 70128.swift */; };
		01782D5127AC001700A90F8A /* 12901.swift in Sources */ = {isa = PBXBuildFile; fileRef = 01782D5027AC001700A90F8A /* 12901.swift */; };
		01782D5327AC024200A90F8A /* 82612.swift in Sources */ = {isa = PBXBuildFile; fileRef = 01782D5227AC024200A90F8A /* 82612.swift */; };
		01782D5527AC049A00A90F8A /* 77884.swift in Sources */ = {isa = PBXBuildFile; fileRef = 01782D5427AC049A00A90F8A /* 77884.swift */; };
		01782D5727AC0C9C00A90F8A /* 72410.swift in Sources */ = {isa = PBXBuildFile; fileRef = 01782D5627AC0C9C00A90F8A /* 72410.swift */; };
		01782D5927AFC74800A90F8A /* 62048.swift in Sources */ = {isa = PBXBuildFile; fileRef = 01782D5827AFC74800A90F8A /* 62048.swift */; };
		01782D5B27AFD2DF00A90F8A /* 12985.swift in Sources */ = {isa = PBXBuildFile; fileRef = 01782D5A27AFD2DF00A90F8A /* 12985.swift */; };
		017CBEC72778784C007D29A8 /* 42583.swift in Sources */ = {isa = PBXBuildFile; fileRef = 017CBEC62778784C007D29A8 /* 42583.swift */; };
		017CBEC92778FC8E007D29A8 /* 42578.swift in Sources */ = {isa = PBXBuildFile; fileRef = 017CBEC82778FC8E007D29A8 /* 42578.swift */; };
		017CBECB27798F1F007D29A8 /* 12981.swift in Sources */ = {isa = PBXBuildFile; fileRef = 017CBECA27798F1F007D29A8 /* 12981.swift */; };
		017CBECD277B2C4B007D29A8 /* 60057.swift in Sources */ = {isa = PBXBuildFile; fileRef = 017CBECC277B2C4B007D29A8 /* 60057.swift */; };
		017D965D279A17420054D444 /* 77485.swift in Sources */ = {isa = PBXBuildFile; fileRef = 017D965C279A17420054D444 /* 77485.swift */; };
		017D965F279A22790054D444 /* 49993.swift in Sources */ = {isa = PBXBuildFile; fileRef = 017D965E279A22790054D444 /* 49993.swift */; };
		017D9661279CEE7C0054D444 /* 42627.swift in Sources */ = {isa = PBXBuildFile; fileRef = 017D9660279CEE7C0054D444 /* 42627.swift */; };
		017D966327A661050054D444 /* 60058.swift in Sources */ = {isa = PBXBuildFile; fileRef = 017D966227A661050054D444 /* 60058.swift */; };
		017D966527A673660054D444 /* 43162.swift in Sources */ = {isa = PBXBuildFile; fileRef = 017D966427A673660054D444 /* 43162.swift */; };
		017D966927A675030054D444 /* 12969.swift in Sources */ = {isa = PBXBuildFile; fileRef = 017D966827A675030054D444 /* 12969.swift */; };
		017D966B27A675FE0054D444 /* 12954.swift in Sources */ = {isa = PBXBuildFile; fileRef = 017D966A27A675FE0054D444 /* 12954.swift */; };
		017D966D27A677560054D444 /* 12950.swift in Sources */ = {isa = PBXBuildFile; fileRef = 017D966C27A677560054D444 /* 12950.swift */; };
		017D966F27A67A7B0054D444 /* 12947.swift in Sources */ = {isa = PBXBuildFile; fileRef = 017D966E27A67A7B0054D444 /* 12947.swift */; };
		017D967127A67DC20054D444 /* 12921.swift in Sources */ = {isa = PBXBuildFile; fileRef = 017D967027A67DC20054D444 /* 12921.swift */; };
		017D967327A698550054D444 /* 12918.swift in Sources */ = {isa = PBXBuildFile; fileRef = 017D967227A698550054D444 /* 12918.swift */; };
		017D967527A699610054D444 /* 12922.swift in Sources */ = {isa = PBXBuildFile; fileRef = 017D967427A699610054D444 /* 12922.swift */; };
		017D967727A69EDB0054D444 /* 12930.swift in Sources */ = {isa = PBXBuildFile; fileRef = 017D967627A69EDB0054D444 /* 12930.swift */; };
		017D967927A6A20A0054D444 /* 12912.swift in Sources */ = {isa = PBXBuildFile; fileRef = 017D967827A6A20A0054D444 /* 12912.swift */; };
		017D967B27A6A3C60054D444 /* 12928.swift in Sources */ = {isa = PBXBuildFile; fileRef = 017D967A27A6A3C60054D444 /* 12928.swift */; };
		017D967D27A6AAC40054D444 /* 12944.swift in Sources */ = {isa = PBXBuildFile; fileRef = 017D967C27A6AAC40054D444 /* 12944.swift */; };
		017D967F27A6B0B70054D444 /* 12948.swift in Sources */ = {isa = PBXBuildFile; fileRef = 017D967E27A6B0B70054D444 /* 12948.swift */; };
		017D968127A932BC0054D444 /* 12943.swift in Sources */ = {isa = PBXBuildFile; fileRef = 017D968027A932BC0054D444 /* 12943.swift */; };
		017D968327A933B40054D444 /* 12931.swift in Sources */ = {isa = PBXBuildFile; fileRef = 017D968227A933B40054D444 /* 12931.swift */; };
		017D968527A976470054D444 /* 12940.swift in Sources */ = {isa = PBXBuildFile; fileRef = 017D968427A976470054D444 /* 12940.swift */; };
		017D968727A9777A0054D444 /* 12937.swift in Sources */ = {isa = PBXBuildFile; fileRef = 017D968627A9777A0054D444 /* 12937.swift */; };
		017D968927A999810054D444 /* 12934.swift in Sources */ = {isa = PBXBuildFile; fileRef = 017D968827A999810054D444 /* 12934.swift */; };
		017D968B27A9A9570054D444 /* 12935.swift in Sources */ = {isa = PBXBuildFile; fileRef = 017D968A27A9A9570054D444 /* 12935.swift */; };
		017D968D27A9AB4F0054D444 /* 12932.swift in Sources */ = {isa = PBXBuildFile; fileRef = 017D968C27A9AB4F0054D444 /* 12932.swift */; };
		017D968F27A9B04B0054D444 /* 12933.swift in Sources */ = {isa = PBXBuildFile; fileRef = 017D968E27A9B04B0054D444 /* 12933.swift */; };
		017E5D2F27597E8500974269 /* 81302.swift in Sources */ = {isa = PBXBuildFile; fileRef = 017E5D2E27597E8500974269 /* 81302.swift */; };
		017FC55D2760D149006651D7 /* 42839.swift in Sources */ = {isa = PBXBuildFile; fileRef = 017FC55C2760D149006651D7 /* 42839.swift */; };
		0186F4DB27E2FAEB00FF7611 /* 12926.swift in Sources */ = {isa = PBXBuildFile; fileRef = 0186F4DA27E2FAEB00FF7611 /* 12926.swift */; };
		01945C0227B8F2F20000E06B /* 68645.swift in Sources */ = {isa = PBXBuildFile; fileRef = 01945C0127B8F2F20000E06B /* 68645.swift */; };
		01945C0427B8F51B0000E06B /* 12980.swift in Sources */ = {isa = PBXBuildFile; fileRef = 01945C0327B8F51B0000E06B /* 12980.swift */; };
		019B4BAD2766E4100059EA87 /* 77484.swift in Sources */ = {isa = PBXBuildFile; fileRef = 019B4BAC2766E4100059EA87 /* 77484.swift */; };
		019B4BAF27681B980059EA87 /* 42579.swift in Sources */ = {isa = PBXBuildFile; fileRef = 019B4BAE27681B980059EA87 /* 42579.swift */; };
		01A1C2802761C4BA00471EBD /* 42587.swift in Sources */ = {isa = PBXBuildFile; fileRef = 01A1C27F2761C4BA00471EBD /* 42587.swift */; };
		01AEA4DB2901A1CB00A0ECC4 /* 120837.swift in Sources */ = {isa = PBXBuildFile; fileRef = 01AEA4DA2901A1CB00A0ECC4 /* 120837.swift */; };
		01AEA4DD2901A61E00A0ECC4 /* 120891.swift in Sources */ = {isa = PBXBuildFile; fileRef = 01AEA4DC2901A61E00A0ECC4 /* 120891.swift */; };
		01AEA4DF2901A98A00A0ECC4 /* 120904.swift in Sources */ = {isa = PBXBuildFile; fileRef = 01AEA4DE2901A98A00A0ECC4 /* 120904.swift */; };
		01B251A927545A9600955068 /* 42586.swift in Sources */ = {isa = PBXBuildFile; fileRef = 01B251A827545A9600955068 /* 42586.swift */; };
		01B251AB275461BC00955068 /* main.swift in Sources */ = {isa = PBXBuildFile; fileRef = 01B251AA275461BC00955068 /* main.swift */; };
		01B8E0782787B2A100847D64 /* 12951.swift in Sources */ = {isa = PBXBuildFile; fileRef = 01B8E0772787B2A100847D64 /* 12951.swift */; };
		01BD631427E5518000EE32D2 /* 76501.swift in Sources */ = {isa = PBXBuildFile; fileRef = 01BD631327E5518000EE32D2 /* 76501.swift */; };
		01C2726C273C8A9B00F932A4 /* 81301.swift in Sources */ = {isa = PBXBuildFile; fileRef = 01C2726B273C8A9B00F932A4 /* 81301.swift */; };
		01F964692771F011001BE11D /* 64064.swift in Sources */ = {isa = PBXBuildFile; fileRef = 01F964682771F011001BE11D /* 64064.swift */; };
/* End PBXBuildFile section */

/* Begin PBXCopyFilesBuildPhase section */
		01C27266273C8A9B00F932A4 /* CopyFiles */ = {
			isa = PBXCopyFilesBuildPhase;
			buildActionMask = 2147483647;
			dstPath = /usr/share/man/man1/;
			dstSubfolderSpec = 0;
			files = (
			);
			runOnlyForDeploymentPostprocessing = 1;
		};
/* End PBXCopyFilesBuildPhase section */

/* Begin PBXFileReference section */
		012D5C372756D4B6007AA199 /* 42747.swift */ = {isa = PBXFileReference; lastKnownFileType = sourcecode.swift; path = 42747.swift; sourceTree = "<group>"; };
		0170E2702765344B003F8361 /* 72412.swift */ = {isa = PBXFileReference; lastKnownFileType = sourcecode.swift; path = 72412.swift; sourceTree = "<group>"; };
		0175C73427873B0E0092E95E /* 42883.swift */ = {isa = PBXFileReference; lastKnownFileType = sourcecode.swift; path = 42883.swift; sourceTree = "<group>"; };
		0175C736278787FA0092E95E /* 12953.swift */ = {isa = PBXFileReference; lastKnownFileType = sourcecode.swift; path = 12953.swift; sourceTree = "<group>"; };
		01775731274D8AB70085919D /* 43165.swift */ = {isa = PBXFileReference; lastKnownFileType = sourcecode.swift; path = 43165.swift; sourceTree = "<group>"; };
		01775733274D8B3F0085919D /* 42888.swift */ = {isa = PBXFileReference; lastKnownFileType = sourcecode.swift; path = 42888.swift; sourceTree = "<group>"; };
		01775735274D8B720085919D /* 87389.swift */ = {isa = PBXFileReference; lastKnownFileType = sourcecode.swift; path = 87389.swift; sourceTree = "<group>"; };
		01775737274D8BB50085919D /* 42840.swift */ = {isa = PBXFileReference; lastKnownFileType = sourcecode.swift; path = 42840.swift; sourceTree = "<group>"; };
		01775739274D8C100085919D /* 42748.swift */ = {isa = PBXFileReference; lastKnownFileType = sourcecode.swift; path = 42748.swift; sourceTree = "<group>"; };
		01782D4027AACFA400A90F8A /* 12925.swift */ = {isa = PBXFileReference; lastKnownFileType = sourcecode.swift; path = 12925.swift; sourceTree = "<group>"; };
		01782D4227AAD10A00A90F8A /* 12919.swift */ = {isa = PBXFileReference; lastKnownFileType = sourcecode.swift; path = 12919.swift; sourceTree = "<group>"; };
		01782D4427AAD1DF00A90F8A /* 12917.swift */ = {isa = PBXFileReference; lastKnownFileType = sourcecode.swift; path = 12917.swift; sourceTree = "<group>"; };
		01782D4627AAF48C00A90F8A /* 12915.swift */ = {isa = PBXFileReference; lastKnownFileType = sourcecode.swift; path = 12915.swift; sourceTree = "<group>"; };
		01782D4827AAF5ED00A90F8A /* 12916.swift */ = {isa = PBXFileReference; lastKnownFileType = sourcecode.swift; path = 12916.swift; sourceTree = "<group>"; };
		01782D4A27ABAAF500A90F8A /* 12903.swift */ = {isa = PBXFileReference; lastKnownFileType = sourcecode.swift; path = 12903.swift; sourceTree = "<group>"; };
		01782D4C27ABE77C00A90F8A /* 12910.swift */ = {isa = PBXFileReference; lastKnownFileType = sourcecode.swift; path = 12910.swift; sourceTree = "<group>"; };
		01782D4E27ABEC6F00A90F8A /* 70128.swift */ = {isa = PBXFileReference; lastKnownFileType = sourcecode.swift; path = 70128.swift; sourceTree = "<group>"; };
		01782D5027AC001700A90F8A /* 12901.swift */ = {isa = PBXFileReference; lastKnownFileType = sourcecode.swift; path = 12901.swift; sourceTree = "<group>"; };
		01782D5227AC024200A90F8A /* 82612.swift */ = {isa = PBXFileReference; lastKnownFileType = sourcecode.swift; path = 82612.swift; sourceTree = "<group>"; };
		01782D5427AC049A00A90F8A /* 77884.swift */ = {isa = PBXFileReference; lastKnownFileType = sourcecode.swift; path = 77884.swift; sourceTree = "<group>"; };
		01782D5627AC0C9C00A90F8A /* 72410.swift */ = {isa = PBXFileReference; lastKnownFileType = sourcecode.swift; path = 72410.swift; sourceTree = "<group>"; };
		01782D5827AFC74800A90F8A /* 62048.swift */ = {isa = PBXFileReference; lastKnownFileType = sourcecode.swift; path = 62048.swift; sourceTree = "<group>"; };
		01782D5A27AFD2DF00A90F8A /* 12985.swift */ = {isa = PBXFileReference; lastKnownFileType = sourcecode.swift; path = 12985.swift; sourceTree = "<group>"; };
		017CBEC62778784C007D29A8 /* 42583.swift */ = {isa = PBXFileReference; lastKnownFileType = sourcecode.swift; path = 42583.swift; sourceTree = "<group>"; };
		017CBEC82778FC8E007D29A8 /* 42578.swift */ = {isa = PBXFileReference; lastKnownFileType = sourcecode.swift; path = 42578.swift; sourceTree = "<group>"; };
		017CBECA27798F1F007D29A8 /* 12981.swift */ = {isa = PBXFileReference; lastKnownFileType = sourcecode.swift; path = 12981.swift; sourceTree = "<group>"; };
		017CBECC277B2C4B007D29A8 /* 60057.swift */ = {isa = PBXFileReference; lastKnownFileType = sourcecode.swift; path = 60057.swift; sourceTree = "<group>"; };
		017D965C279A17420054D444 /* 77485.swift */ = {isa = PBXFileReference; lastKnownFileType = sourcecode.swift; path = 77485.swift; sourceTree = "<group>"; };
		017D965E279A22790054D444 /* 49993.swift */ = {isa = PBXFileReference; lastKnownFileType = sourcecode.swift; path = 49993.swift; sourceTree = "<group>"; };
		017D9660279CEE7C0054D444 /* 42627.swift */ = {isa = PBXFileReference; lastKnownFileType = sourcecode.swift; path = 42627.swift; sourceTree = "<group>"; };
		017D966227A661050054D444 /* 60058.swift */ = {isa = PBXFileReference; lastKnownFileType = sourcecode.swift; path = 60058.swift; sourceTree = "<group>"; };
		017D966427A673660054D444 /* 43162.swift */ = {isa = PBXFileReference; lastKnownFileType = sourcecode.swift; path = 43162.swift; sourceTree = "<group>"; };
		017D966827A675030054D444 /* 12969.swift */ = {isa = PBXFileReference; lastKnownFileType = sourcecode.swift; path = 12969.swift; sourceTree = "<group>"; };
		017D966A27A675FE0054D444 /* 12954.swift */ = {isa = PBXFileReference; lastKnownFileType = sourcecode.swift; path = 12954.swift; sourceTree = "<group>"; };
		017D966C27A677560054D444 /* 12950.swift */ = {isa = PBXFileReference; lastKnownFileType = sourcecode.swift; path = 12950.swift; sourceTree = "<group>"; };
		017D966E27A67A7B0054D444 /* 12947.swift */ = {isa = PBXFileReference; lastKnownFileType = sourcecode.swift; path = 12947.swift; sourceTree = "<group>"; };
		017D967027A67DC20054D444 /* 12921.swift */ = {isa = PBXFileReference; lastKnownFileType = sourcecode.swift; path = 12921.swift; sourceTree = "<group>"; };
		017D967227A698550054D444 /* 12918.swift */ = {isa = PBXFileReference; lastKnownFileType = sourcecode.swift; path = 12918.swift; sourceTree = "<group>"; };
		017D967427A699610054D444 /* 12922.swift */ = {isa = PBXFileReference; lastKnownFileType = sourcecode.swift; path = 12922.swift; sourceTree = "<group>"; };
		017D967627A69EDB0054D444 /* 12930.swift */ = {isa = PBXFileReference; lastKnownFileType = sourcecode.swift; path = 12930.swift; sourceTree = "<group>"; };
		017D967827A6A20A0054D444 /* 12912.swift */ = {isa = PBXFileReference; lastKnownFileType = sourcecode.swift; path = 12912.swift; sourceTree = "<group>"; };
		017D967A27A6A3C60054D444 /* 12928.swift */ = {isa = PBXFileReference; lastKnownFileType = sourcecode.swift; path = 12928.swift; sourceTree = "<group>"; };
		017D967C27A6AAC40054D444 /* 12944.swift */ = {isa = PBXFileReference; lastKnownFileType = sourcecode.swift; path = 12944.swift; sourceTree = "<group>"; };
		017D967E27A6B0B70054D444 /* 12948.swift */ = {isa = PBXFileReference; lastKnownFileType = sourcecode.swift; path = 12948.swift; sourceTree = "<group>"; };
		017D968027A932BC0054D444 /* 12943.swift */ = {isa = PBXFileReference; lastKnownFileType = sourcecode.swift; path = 12943.swift; sourceTree = "<group>"; };
		017D968227A933B40054D444 /* 12931.swift */ = {isa = PBXFileReference; lastKnownFileType = sourcecode.swift; path = 12931.swift; sourceTree = "<group>"; };
		017D968427A976470054D444 /* 12940.swift */ = {isa = PBXFileReference; lastKnownFileType = sourcecode.swift; path = 12940.swift; sourceTree = "<group>"; };
		017D968627A9777A0054D444 /* 12937.swift */ = {isa = PBXFileReference; lastKnownFileType = sourcecode.swift; path = 12937.swift; sourceTree = "<group>"; };
		017D968827A999810054D444 /* 12934.swift */ = {isa = PBXFileReference; lastKnownFileType = sourcecode.swift; path = 12934.swift; sourceTree = "<group>"; };
		017D968A27A9A9570054D444 /* 12935.swift */ = {isa = PBXFileReference; lastKnownFileType = sourcecode.swift; path = 12935.swift; sourceTree = "<group>"; };
		017D968C27A9AB4F0054D444 /* 12932.swift */ = {isa = PBXFileReference; lastKnownFileType = sourcecode.swift; path = 12932.swift; sourceTree = "<group>"; };
		017D968E27A9B04B0054D444 /* 12933.swift */ = {isa = PBXFileReference; lastKnownFileType = sourcecode.swift; path = 12933.swift; sourceTree = "<group>"; };
		017E5D2E27597E8500974269 /* 81302.swift */ = {isa = PBXFileReference; lastKnownFileType = sourcecode.swift; path = 81302.swift; sourceTree = "<group>"; };
		017FC55C2760D149006651D7 /* 42839.swift */ = {isa = PBXFileReference; lastKnownFileType = sourcecode.swift; path = 42839.swift; sourceTree = "<group>"; };
		0186F4DA27E2FAEB00FF7611 /* 12926.swift */ = {isa = PBXFileReference; lastKnownFileType = sourcecode.swift; path = 12926.swift; sourceTree = "<group>"; };
		01945C0127B8F2F20000E06B /* 68645.swift */ = {isa = PBXFileReference; lastKnownFileType = sourcecode.swift; path = 68645.swift; sourceTree = "<group>"; };
		01945C0327B8F51B0000E06B /* 12980.swift */ = {isa = PBXFileReference; lastKnownFileType = sourcecode.swift; path = 12980.swift; sourceTree = "<group>"; };
		019B4BAC2766E4100059EA87 /* 77484.swift */ = {isa = PBXFileReference; lastKnownFileType = sourcecode.swift; path = 77484.swift; sourceTree = "<group>"; };
		019B4BAE27681B980059EA87 /* 42579.swift */ = {isa = PBXFileReference; lastKnownFileType = sourcecode.swift; path = 42579.swift; sourceTree = "<group>"; };
		01A1C27F2761C4BA00471EBD /* 42587.swift */ = {isa = PBXFileReference; lastKnownFileType = sourcecode.swift; path = 42587.swift; sourceTree = "<group>"; };
		01AEA4DA2901A1CB00A0ECC4 /* 120837.swift */ = {isa = PBXFileReference; lastKnownFileType = sourcecode.swift; path = 120837.swift; sourceTree = "<group>"; };
		01AEA4DC2901A61E00A0ECC4 /* 120891.swift */ = {isa = PBXFileReference; lastKnownFileType = sourcecode.swift; path = 120891.swift; sourceTree = "<group>"; };
		01AEA4DE2901A98A00A0ECC4 /* 120904.swift */ = {isa = PBXFileReference; lastKnownFileType = sourcecode.swift; path = 120904.swift; sourceTree = "<group>"; };
		01B251A827545A9600955068 /* 42586.swift */ = {isa = PBXFileReference; lastKnownFileType = sourcecode.swift; path = 42586.swift; sourceTree = "<group>"; };
		01B251AA275461BC00955068 /* main.swift */ = {isa = PBXFileReference; lastKnownFileType = sourcecode.swift; path = main.swift; sourceTree = "<group>"; };
		01B8E0772787B2A100847D64 /* 12951.swift */ = {isa = PBXFileReference; lastKnownFileType = sourcecode.swift; path = 12951.swift; sourceTree = "<group>"; };
		01BD631327E5518000EE32D2 /* 76501.swift */ = {isa = PBXFileReference; lastKnownFileType = sourcecode.swift; path = 76501.swift; sourceTree = "<group>"; };
		01C27268273C8A9B00F932A4 /* ForBackJoon */ = {isa = PBXFileReference; explicitFileType = "compiled.mach-o.executable"; includeInIndex = 0; path = ForBackJoon; sourceTree = BUILT_PRODUCTS_DIR; };
		01C2726B273C8A9B00F932A4 /* 81301.swift */ = {isa = PBXFileReference; lastKnownFileType = sourcecode.swift; path = 81301.swift; sourceTree = "<group>"; };
		01F964682771F011001BE11D /* 64064.swift */ = {isa = PBXFileReference; lastKnownFileType = sourcecode.swift; path = 64064.swift; sourceTree = "<group>"; };
/* End PBXFileReference section */

/* Begin PBXFrameworksBuildPhase section */
		01C27265273C8A9B00F932A4 /* Frameworks */ = {
			isa = PBXFrameworksBuildPhase;
			buildActionMask = 2147483647;
			files = (
			);
			runOnlyForDeploymentPostprocessing = 0;
		};
/* End PBXFrameworksBuildPhase section */

/* Begin PBXGroup section */
		01C2725F273C8A9B00F932A4 = {
			isa = PBXGroup;
			children = (
				01C2726A273C8A9B00F932A4 /* programmers */,
				01C27269273C8A9B00F932A4 /* Products */,
			);
			sourceTree = "<group>";
		};
		01C27269273C8A9B00F932A4 /* Products */ = {
			isa = PBXGroup;
			children = (
				01C27268273C8A9B00F932A4 /* ForBackJoon */,
			);
			name = Products;
			sourceTree = "<group>";
		};
		01C2726A273C8A9B00F932A4 /* programmers */ = {
			isa = PBXGroup;
			children = (
				01C2726B273C8A9B00F932A4 /* 81301.swift */,
				01775731274D8AB70085919D /* 43165.swift */,
				01775733274D8B3F0085919D /* 42888.swift */,
				01775735274D8B720085919D /* 87389.swift */,
				01775737274D8BB50085919D /* 42840.swift */,
				01775739274D8C100085919D /* 42748.swift */,
				01B251A827545A9600955068 /* 42586.swift */,
				01B251AA275461BC00955068 /* main.swift */,
				01AEA4DC2901A61E00A0ECC4 /* 120891.swift */,
				0175C736278787FA0092E95E /* 12953.swift */,
				012D5C372756D4B6007AA199 /* 42747.swift */,
				017E5D2E27597E8500974269 /* 81302.swift */,
				017FC55C2760D149006651D7 /* 42839.swift */,
				01A1C27F2761C4BA00471EBD /* 42587.swift */,
				0170E2702765344B003F8361 /* 72412.swift */,
				019B4BAC2766E4100059EA87 /* 77484.swift */,
				019B4BAE27681B980059EA87 /* 42579.swift */,
				01F964682771F011001BE11D /* 64064.swift */,
				017CBEC62778784C007D29A8 /* 42583.swift */,
				017CBEC82778FC8E007D29A8 /* 42578.swift */,
				01B8E0772787B2A100847D64 /* 12951.swift */,
				017CBECA27798F1F007D29A8 /* 12981.swift */,
				017CBECC277B2C4B007D29A8 /* 60057.swift */,
				0175C73427873B0E0092E95E /* 42883.swift */,
				017D965C279A17420054D444 /* 77485.swift */,
				017D965E279A22790054D444 /* 49993.swift */,
				017D9660279CEE7C0054D444 /* 42627.swift */,
				017D966227A661050054D444 /* 60058.swift */,
				017D966427A673660054D444 /* 43162.swift */,
				017D966827A675030054D444 /* 12969.swift */,
				017D966A27A675FE0054D444 /* 12954.swift */,
				017D966C27A677560054D444 /* 12950.swift */,
				017D966E27A67A7B0054D444 /* 12947.swift */,
				017D967027A67DC20054D444 /* 12921.swift */,
				017D967227A698550054D444 /* 12918.swift */,
				017D967427A699610054D444 /* 12922.swift */,
				017D967627A69EDB0054D444 /* 12930.swift */,
				017D967827A6A20A0054D444 /* 12912.swift */,
				017D967A27A6A3C60054D444 /* 12928.swift */,
				017D967C27A6AAC40054D444 /* 12944.swift */,
				017D967E27A6B0B70054D444 /* 12948.swift */,
				017D968027A932BC0054D444 /* 12943.swift */,
				017D968227A933B40054D444 /* 12931.swift */,
				017D968427A976470054D444 /* 12940.swift */,
				017D968627A9777A0054D444 /* 12937.swift */,
				017D968827A999810054D444 /* 12934.swift */,
				017D968A27A9A9570054D444 /* 12935.swift */,
				017D968C27A9AB4F0054D444 /* 12932.swift */,
				017D968E27A9B04B0054D444 /* 12933.swift */,
				01782D4027AACFA400A90F8A /* 12925.swift */,
				01782D4227AAD10A00A90F8A /* 12919.swift */,
				01782D4427AAD1DF00A90F8A /* 12917.swift */,
				01782D4627AAF48C00A90F8A /* 12915.swift */,
				01782D4827AAF5ED00A90F8A /* 12916.swift */,
				01782D4A27ABAAF500A90F8A /* 12903.swift */,
				01782D4C27ABE77C00A90F8A /* 12910.swift */,
				01782D4E27ABEC6F00A90F8A /* 70128.swift */,
				01782D5027AC001700A90F8A /* 12901.swift */,
				01782D5227AC024200A90F8A /* 82612.swift */,
				01782D5427AC049A00A90F8A /* 77884.swift */,
				01782D5627AC0C9C00A90F8A /* 72410.swift */,
				01782D5827AFC74800A90F8A /* 62048.swift */,
				01782D5A27AFD2DF00A90F8A /* 12985.swift */,
				01945C0127B8F2F20000E06B /* 68645.swift */,
				01945C0327B8F51B0000E06B /* 12980.swift */,
				0186F4DA27E2FAEB00FF7611 /* 12926.swift */,
				01BD631327E5518000EE32D2 /* 76501.swift */,
				01AEA4DA2901A1CB00A0ECC4 /* 120837.swift */,
				01AEA4DE2901A98A00A0ECC4 /* 120904.swift */,
			);
			path = programmers;
			sourceTree = "<group>";
		};
/* End PBXGroup section */

/* Begin PBXNativeTarget section */
		01C27267273C8A9B00F932A4 /* ForBackJoon */ = {
			isa = PBXNativeTarget;
			buildConfigurationList = 01C2726F273C8A9B00F932A4 /* Build configuration list for PBXNativeTarget "ForBackJoon" */;
			buildPhases = (
				01C27264273C8A9B00F932A4 /* Sources */,
				01C27265273C8A9B00F932A4 /* Frameworks */,
				01C27266273C8A9B00F932A4 /* CopyFiles */,
			);
			buildRules = (
			);
			dependencies = (
			);
			name = ForBackJoon;
			productName = ForBackJoon;
			productReference = 01C27268273C8A9B00F932A4 /* ForBackJoon */;
			productType = "com.apple.product-type.tool";
		};
/* End PBXNativeTarget section */

/* Begin PBXProject section */
		01C27260273C8A9B00F932A4 /* Project object */ = {
			isa = PBXProject;
			attributes = {
				BuildIndependentTargetsInParallel = 1;
				LastSwiftUpdateCheck = 1310;
				LastUpgradeCheck = 1310;
				TargetAttributes = {
					01C27267273C8A9B00F932A4 = {
						CreatedOnToolsVersion = 13.1;
					};
				};
			};
			buildConfigurationList = 01C27263273C8A9B00F932A4 /* Build configuration list for PBXProject "programmers" */;
			compatibilityVersion = "Xcode 13.0";
			developmentRegion = en;
			hasScannedForEncodings = 0;
			knownRegions = (
				en,
				Base,
			);
			mainGroup = 01C2725F273C8A9B00F932A4;
			productRefGroup = 01C27269273C8A9B00F932A4 /* Products */;
			projectDirPath = "";
			projectRoot = "";
			targets = (
				01C27267273C8A9B00F932A4 /* ForBackJoon */,
			);
		};
/* End PBXProject section */

/* Begin PBXSourcesBuildPhase section */
		01C27264273C8A9B00F932A4 /* Sources */ = {
			isa = PBXSourcesBuildPhase;
			buildActionMask = 2147483647;
			files = (
				017D967D27A6AAC40054D444 /* 12944.swift in Sources */,
				017D967127A67DC20054D444 /* 12921.swift in Sources */,
				0175C73527873B0E0092E95E /* 42883.swift in Sources */,
				0170E2712765344B003F8361 /* 72412.swift in Sources */,
				017D966D27A677560054D444 /* 12950.swift in Sources */,
				01782D5327AC024200A90F8A /* 82612.swift in Sources */,
				017D966927A675030054D444 /* 12969.swift in Sources */,
				017D967F27A6B0B70054D444 /* 12948.swift in Sources */,
				017FC55D2760D149006651D7 /* 42839.swift in Sources */,
				01782D4F27ABEC6F00A90F8A /* 70128.swift in Sources */,
				017D9661279CEE7C0054D444 /* 42627.swift in Sources */,
				01782D4B27ABAAF500A90F8A /* 12903.swift in Sources */,
				017CBEC92778FC8E007D29A8 /* 42578.swift in Sources */,
				017E5D2F27597E8500974269 /* 81302.swift in Sources */,
				017D967727A69EDB0054D444 /* 12930.swift in Sources */,
				01BD631427E5518000EE32D2 /* 76501.swift in Sources */,
				017D968727A9777A0054D444 /* 12937.swift in Sources */,
				017D967B27A6A3C60054D444 /* 12928.swift in Sources */,
				017D966527A673660054D444 /* 43162.swift in Sources */,
				01782D4527AAD1DF00A90F8A /* 12917.swift in Sources */,
				017D966327A661050054D444 /* 60058.swift in Sources */,
				017CBECD277B2C4B007D29A8 /* 60057.swift in Sources */,
				012D5C382756D4B6007AA199 /* 42747.swift in Sources */,
				017D968B27A9A9570054D444 /* 12935.swift in Sources */,
				01782D5B27AFD2DF00A90F8A /* 12985.swift in Sources */,
				0186F4DB27E2FAEB00FF7611 /* 12926.swift in Sources */,
				01782D4927AAF5ED00A90F8A /* 12916.swift in Sources */,
				01782D4727AAF48C00A90F8A /* 12915.swift in Sources */,
				017D967327A698550054D444 /* 12918.swift in Sources */,
				01775734274D8B3F0085919D /* 42888.swift in Sources */,
				017D966F27A67A7B0054D444 /* 12947.swift in Sources */,
				01782D4327AAD10A00A90F8A /* 12919.swift in Sources */,
				0177573A274D8C100085919D /* 42748.swift in Sources */,
				01B251AB275461BC00955068 /* main.swift in Sources */,
				017D968F27A9B04B0054D444 /* 12933.swift in Sources */,
				01782D5727AC0C9C00A90F8A /* 72410.swift in Sources */,
				01782D5927AFC74800A90F8A /* 62048.swift in Sources */,
				01775736274D8B720085919D /* 87389.swift in Sources */,
				019B4BAD2766E4100059EA87 /* 77484.swift in Sources */,
				01AEA4DF2901A98A00A0ECC4 /* 120904.swift in Sources */,
				01C2726C273C8A9B00F932A4 /* 81301.swift in Sources */,
				017D965D279A17420054D444 /* 77485.swift in Sources */,
				01F964692771F011001BE11D /* 64064.swift in Sources */,
				01A1C2802761C4BA00471EBD /* 42587.swift in Sources */,
				01775738274D8BB50085919D /* 42840.swift in Sources */,
				01AEA4DD2901A61E00A0ECC4 /* 120891.swift in Sources */,
				01945C0427B8F51B0000E06B /* 12980.swift in Sources */,
				017D968D27A9AB4F0054D444 /* 12932.swift in Sources */,
				017D967527A699610054D444 /* 12922.swift in Sources */,
				017D968527A976470054D444 /* 12940.swift in Sources */,
				017D968327A933B40054D444 /* 12931.swift in Sources */,
				01B251A927545A9600955068 /* 42586.swift in Sources */,
				017D965F279A22790054D444 /* 49993.swift in Sources */,
				01AEA4DB2901A1CB00A0ECC4 /* 120837.swift in Sources */,
				017CBECB27798F1F007D29A8 /* 12981.swift in Sources */,
				017CBEC72778784C007D29A8 /* 42583.swift in Sources */,
				017D967927A6A20A0054D444 /* 12912.swift in Sources */,
				01775732274D8AB70085919D /* 43165.swift in Sources */,
				0175C737278787FA0092E95E /* 12953.swift in Sources */,
				01945C0227B8F2F20000E06B /* 68645.swift in Sources */,
				01782D4D27ABE77C00A90F8A /* 12910.swift in Sources */,
				017D966B27A675FE0054D444 /* 12954.swift in Sources */,
				01782D5127AC001700A90F8A /* 12901.swift in Sources */,
				01B8E0782787B2A100847D64 /* 12951.swift in Sources */,
				017D968927A999810054D444 /* 12934.swift in Sources */,
				019B4BAF27681B980059EA87 /* 42579.swift in Sources */,
				01782D5527AC049A00A90F8A /* 77884.swift in Sources */,
				01782D4127AACFA400A90F8A /* 12925.swift in Sources */,
				017D968127A932BC0054D444 /* 12943.swift in Sources */,
			);
			runOnlyForDeploymentPostprocessing = 0;
		};
/* End PBXSourcesBuildPhase section */

/* Begin XCBuildConfiguration section */
		01C2726D273C8A9B00F932A4 /* Debug */ = {
			isa = XCBuildConfiguration;
			buildSettings = {
				ALWAYS_SEARCH_USER_PATHS = NO;
				CLANG_ANALYZER_NONNULL = YES;
				CLANG_ANALYZER_NUMBER_OBJECT_CONVERSION = YES_AGGRESSIVE;
				CLANG_CXX_LANGUAGE_STANDARD = "gnu++17";
				CLANG_CXX_LIBRARY = "libc++";
				CLANG_ENABLE_MODULES = YES;
				CLANG_ENABLE_OBJC_ARC = YES;
				CLANG_ENABLE_OBJC_WEAK = YES;
				CLANG_WARN_BLOCK_CAPTURE_AUTORELEASING = YES;
				CLANG_WARN_BOOL_CONVERSION = YES;
				CLANG_WARN_COMMA = YES;
				CLANG_WARN_CONSTANT_CONVERSION = YES;
				CLANG_WARN_DEPRECATED_OBJC_IMPLEMENTATIONS = YES;
				CLANG_WARN_DIRECT_OBJC_ISA_USAGE = YES_ERROR;
				CLANG_WARN_DOCUMENTATION_COMMENTS = YES;
				CLANG_WARN_EMPTY_BODY = YES;
				CLANG_WARN_ENUM_CONVERSION = YES;
				CLANG_WARN_INFINITE_RECURSION = YES;
				CLANG_WARN_INT_CONVERSION = YES;
				CLANG_WARN_NON_LITERAL_NULL_CONVERSION = YES;
				CLANG_WARN_OBJC_IMPLICIT_RETAIN_SELF = YES;
				CLANG_WARN_OBJC_LITERAL_CONVERSION = YES;
				CLANG_WARN_OBJC_ROOT_CLASS = YES_ERROR;
				CLANG_WARN_QUOTED_INCLUDE_IN_FRAMEWORK_HEADER = YES;
				CLANG_WARN_RANGE_LOOP_ANALYSIS = YES;
				CLANG_WARN_STRICT_PROTOTYPES = YES;
				CLANG_WARN_SUSPICIOUS_MOVE = YES;
				CLANG_WARN_UNGUARDED_AVAILABILITY = YES_AGGRESSIVE;
				CLANG_WARN_UNREACHABLE_CODE = YES;
				CLANG_WARN__DUPLICATE_METHOD_MATCH = YES;
				COPY_PHASE_STRIP = NO;
				DEBUG_INFORMATION_FORMAT = dwarf;
				ENABLE_STRICT_OBJC_MSGSEND = YES;
				ENABLE_TESTABILITY = YES;
				GCC_C_LANGUAGE_STANDARD = gnu11;
				GCC_DYNAMIC_NO_PIC = NO;
				GCC_NO_COMMON_BLOCKS = YES;
				GCC_OPTIMIZATION_LEVEL = 0;
				GCC_PREPROCESSOR_DEFINITIONS = (
					"DEBUG=1",
					"$(inherited)",
				);
				GCC_WARN_64_TO_32_BIT_CONVERSION = YES;
				GCC_WARN_ABOUT_RETURN_TYPE = YES_ERROR;
				GCC_WARN_UNDECLARED_SELECTOR = YES;
				GCC_WARN_UNINITIALIZED_AUTOS = YES_AGGRESSIVE;
				GCC_WARN_UNUSED_FUNCTION = YES;
				GCC_WARN_UNUSED_VARIABLE = YES;
				MACOSX_DEPLOYMENT_TARGET = 12.0;
				MTL_ENABLE_DEBUG_INFO = INCLUDE_SOURCE;
				MTL_FAST_MATH = YES;
				ONLY_ACTIVE_ARCH = YES;
				SDKROOT = macosx;
				SWIFT_ACTIVE_COMPILATION_CONDITIONS = DEBUG;
				SWIFT_OPTIMIZATION_LEVEL = "-Onone";
			};
			name = Debug;
		};
		01C2726E273C8A9B00F932A4 /* Release */ = {
			isa = XCBuildConfiguration;
			buildSettings = {
				ALWAYS_SEARCH_USER_PATHS = NO;
				CLANG_ANALYZER_NONNULL = YES;
				CLANG_ANALYZER_NUMBER_OBJECT_CONVERSION = YES_AGGRESSIVE;
				CLANG_CXX_LANGUAGE_STANDARD = "gnu++17";
				CLANG_CXX_LIBRARY = "libc++";
				CLANG_ENABLE_MODULES = YES;
				CLANG_ENABLE_OBJC_ARC = YES;
				CLANG_ENABLE_OBJC_WEAK = YES;
				CLANG_WARN_BLOCK_CAPTURE_AUTORELEASING = YES;
				CLANG_WARN_BOOL_CONVERSION = YES;
				CLANG_WARN_COMMA = YES;
				CLANG_WARN_CONSTANT_CONVERSION = YES;
				CLANG_WARN_DEPRECATED_OBJC_IMPLEMENTATIONS = YES;
				CLANG_WARN_DIRECT_OBJC_ISA_USAGE = YES_ERROR;
				CLANG_WARN_DOCUMENTATION_COMMENTS = YES;
				CLANG_WARN_EMPTY_BODY = YES;
				CLANG_WARN_ENUM_CONVERSION = YES;
				CLANG_WARN_INFINITE_RECURSION = YES;
				CLANG_WARN_INT_CONVERSION = YES;
				CLANG_WARN_NON_LITERAL_NULL_CONVERSION = YES;
				CLANG_WARN_OBJC_IMPLICIT_RETAIN_SELF = YES;
				CLANG_WARN_OBJC_LITERAL_CONVERSION = YES;
				CLANG_WARN_OBJC_ROOT_CLASS = YES_ERROR;
				CLANG_WARN_QUOTED_INCLUDE_IN_FRAMEWORK_HEADER = YES;
				CLANG_WARN_RANGE_LOOP_ANALYSIS = YES;
				CLANG_WARN_STRICT_PROTOTYPES = YES;
				CLANG_WARN_SUSPICIOUS_MOVE = YES;
				CLANG_WARN_UNGUARDED_AVAILABILITY = YES_AGGRESSIVE;
				CLANG_WARN_UNREACHABLE_CODE = YES;
				CLANG_WARN__DUPLICATE_METHOD_MATCH = YES;
				COPY_PHASE_STRIP = NO;
				DEBUG_INFORMATION_FORMAT = "dwarf-with-dsym";
				ENABLE_NS_ASSERTIONS = NO;
				ENABLE_STRICT_OBJC_MSGSEND = YES;
				GCC_C_LANGUAGE_STANDARD = gnu11;
				GCC_NO_COMMON_BLOCKS = YES;
				GCC_WARN_64_TO_32_BIT_CONVERSION = YES;
				GCC_WARN_ABOUT_RETURN_TYPE = YES_ERROR;
				GCC_WARN_UNDECLARED_SELECTOR = YES;
				GCC_WARN_UNINITIALIZED_AUTOS = YES_AGGRESSIVE;
				GCC_WARN_UNUSED_FUNCTION = YES;
				GCC_WARN_UNUSED_VARIABLE = YES;
				MACOSX_DEPLOYMENT_TARGET = 12.0;
				MTL_ENABLE_DEBUG_INFO = NO;
				MTL_FAST_MATH = YES;
				SDKROOT = macosx;
				SWIFT_COMPILATION_MODE = wholemodule;
				SWIFT_OPTIMIZATION_LEVEL = "-O";
			};
			name = Release;
		};
		01C27270273C8A9B00F932A4 /* Debug */ = {
			isa = XCBuildConfiguration;
			buildSettings = {
				CODE_SIGN_STYLE = Automatic;
				DEVELOPMENT_TEAM = LPHNDVUAA8;
				ENABLE_HARDENED_RUNTIME = YES;
				PRODUCT_NAME = "$(TARGET_NAME)";
				SWIFT_VERSION = 5.0;
			};
			name = Debug;
		};
		01C27271273C8A9B00F932A4 /* Release */ = {
			isa = XCBuildConfiguration;
			buildSettings = {
				CODE_SIGN_STYLE = Automatic;
				DEVELOPMENT_TEAM = LPHNDVUAA8;
				ENABLE_HARDENED_RUNTIME = YES;
				PRODUCT_NAME = "$(TARGET_NAME)";
				SWIFT_VERSION = 5.0;
			};
			name = Release;
		};
/* End XCBuildConfiguration section */

/* Begin XCConfigurationList section */
		01C27263273C8A9B00F932A4 /* Build configuration list for PBXProject "programmers" */ = {
			isa = XCConfigurationList;
			buildConfigurations = (
				01C2726D273C8A9B00F932A4 /* Debug */,
				01C2726E273C8A9B00F932A4 /* Release */,
			);
			defaultConfigurationIsVisible = 0;
			defaultConfigurationName = Release;
		};
		01C2726F273C8A9B00F932A4 /* Build configuration list for PBXNativeTarget "ForBackJoon" */ = {
			isa = XCConfigurationList;
			buildConfigurations = (
				01C27270273C8A9B00F932A4 /* Debug */,
				01C27271273C8A9B00F932A4 /* Release */,
			);
			defaultConfigurationIsVisible = 0;
			defaultConfigurationName = Release;
		};
/* End XCConfigurationList section */
	};
	rootObject = 01C27260273C8A9B00F932A4 /* Project object */;
}
